
Microsoft Visual Studio Solution File, Format Version 12.00
# Visual Studio Version 16
VisualStudioVersion = 16.0.30621.155
MinimumVisualStudioVersion = 10.0.40219.1
Project("{9A19103F-16F7-4668-BE54-9A1E7A4F7556}") = ".root", ".root.targets", "{681F40C1-AD41-4528-892F-8120A8A0D33A}"
EndProject
Project("{9A19103F-16F7-4668-BE54-9A1E7A4F7556}") = "Subatomix.Testing", "Subatomix.Testing\Subatomix.Testing.csproj", "{0D912E43-0B5C-4E90-BACB-8C1D382D93A3}"
EndProject
Project("{9A19103F-16F7-4668-BE54-9A1E7A4F7556}") = "Subatomix.Testing.Tests", "Subatomix.Testing.Tests\Subatomix.Testing.Tests.csproj", "{C7944502-756D-4B49-88D9-91516BBD9C12}"
EndProject
Global
	GlobalSection(SolutionConfigurationPlatforms) = preSolution
		Debug|Any CPU = Debug|Any CPU
		Release|Any CPU = Release|Any CPU
	EndGlobalSection
	GlobalSection(ProjectConfigurationPlatforms) = postSolution
		{681F40C1-AD41-4528-892F-8120A8A0D33A}.Debug|Any CPU.ActiveCfg = Debug|Any CPU
		{681F40C1-AD41-4528-892F-8120A8A0D33A}.Debug|Any CPU.Build.0 = Debug|Any CPU
		{681F40C1-AD41-4528-892F-8120A8A0D33A}.Release|Any CPU.ActiveCfg = Release|Any CPU
		{681F40C1-AD41-4528-892F-8120A8A0D33A}.Release|Any CPU.Build.0 = Release|Any CPU
		{0D912E43-0B5C-4E90-BACB-8C1D382D93A3}.Debug|Any CPU.ActiveCfg = Debug|Any CPU
		{0D912E43-0B5C-4E90-BACB-8C1D382D93A3}.Debug|Any CPU.Build.0 = Debug|Any CPU
		{0D912E43-0B5C-4E90-BACB-8C1D382D93A3}.Release|Any CPU.ActiveCfg = Release|Any CPU
		{0D912E43-0B5C-4E90-BACB-8C1D382D93A3}.Release|Any CPU.Build.0 = Release|Any CPU
		{C7944502-756D-4B49-88D9-91516BBD9C12}.Debug|Any CPU.ActiveCfg = Debug|Any CPU
		{C7944502-756D-4B49-88D9-91516BBD9C12}.Debug|Any CPU.Build.0 = Debug|Any CPU
		{C7944502-756D-4B49-88D9-91516BBD9C12}.Release|Any CPU.ActiveCfg = Release|Any CPU
		{C7944502-756D-4B49-88D9-91516BBD9C12}.Release|Any CPU.Build.0 = Release|Any CPU
	EndGlobalSection
	GlobalSection(SolutionProperties) = preSolution
		HideSolutionNode = FALSE
	EndGlobalSection
	GlobalSection(ExtensibilityGlobals) = postSolution
		SolutionGuid = {382C34DC-E421-4F4B-837F-436F3F4F868D}
	EndGlobalSection
EndGlobal
